
Microsoft Visual Studio Solution File, Format Version 12.00
# Visual Studio 15
VisualStudioVersion = 15.0.27428.2015
MinimumVisualStudioVersion = 10.0.40219.1
Project("{FAE04EC0-301F-11D3-BF4B-00C04F79EFBC}") = "Game Dev", "Game Dev\Game Dev.csproj", "{E9260772-7AC1-426B-B150-AA383D1B6E75}"
EndProject
Project("{FAE04EC0-301F-11D3-BF4B-00C04F79EFBC}") = "Game Engine", "Game Engine\Game Engine.csproj", "{A3502A02-FF8E-4767-8231-A43F9CB52E37}"
EndProject
Global
	GlobalSection(SolutionConfigurationPlatforms) = preSolution
		Debug|Any CPU = Debug|Any CPU
		Release|Any CPU = Release|Any CPU
	EndGlobalSection
	GlobalSection(ProjectConfigurationPlatforms) = postSolution
		{E9260772-7AC1-426B-B150-AA383D1B6E75}.Debug|Any CPU.ActiveCfg = Debug|Any CPU
		{E9260772-7AC1-426B-B150-AA383D1B6E75}.Debug|Any CPU.Build.0 = Debug|Any CPU
		{E9260772-7AC1-426B-B150-AA383D1B6E75}.Release|Any CPU.ActiveCfg = Release|Any CPU
		{E9260772-7AC1-426B-B150-AA383D1B6E75}.Release|Any CPU.Build.0 = Release|Any CPU
		{A3502A02-FF8E-4767-8231-A43F9CB52E37}.Debug|Any CPU.ActiveCfg = Debug|Any CPU
		{A3502A02-FF8E-4767-8231-A43F9CB52E37}.Debug|Any CPU.Build.0 = Debug|Any CPU
		{A3502A02-FF8E-4767-8231-A43F9CB52E37}.Release|Any CPU.ActiveCfg = Release|Any CPU
		{A3502A02-FF8E-4767-8231-A43F9CB52E37}.Release|Any CPU.Build.0 = Release|Any CPU
	EndGlobalSection
	GlobalSection(SolutionProperties) = preSolution
		HideSolutionNode = FALSE
	EndGlobalSection
	GlobalSection(ExtensibilityGlobals) = postSolution
		SolutionGuid = {2039FDCF-E800-4417-ABD7-842CBE4B1A4D}
	EndGlobalSection
EndGlobal
